{
  "name": "scratch",
  "version": "1.0.0",
  "lockfileVersion": 1,
  "requires": true,
  "dependencies": {
    "zokrates-js": {
      "version": "1.0.35",
      "resolved": "https://registry.npmjs.org/zokrates-js/-/zokrates-js-1.0.35.tgz",
      "integrity": "sha512-6eBChB7nRBNL+uty4oBLdbKZEwrW0Q+FTN5dxCTdAjWPLuWs72AeI0FBvF256++F6H6t+8TpQnGL4hnRD5BOXQ=="
    }
  }
}
